PODS:
  - Flutter (1.0.0)
  - native_exif (0.0.1):
    - Flutter

DEPENDENCIES:
  - Flutter (from `Flutter`)
  - native_exif (from `.symlinks/plugins/native_exif/ios`)

EXTERNAL SOURCES:
  Flutter:
    :path: Flutter
  native_exif:
    :path: ".symlinks/plugins/native_exif/ios"

SPEC CHECKSUMS:
  Flutter: cabc95a1d2626b1b06e7179b784ebcf0c0cde467
  native_exif: 0eb73d3d5b3ca892719228df8d2d1b13d1ae396c

PODFILE CHECKSUM: 3c63482e143d1b91d2d2560aee9fb04ecc74ac7e

COCOAPODS: 1.16.2
